Microsoft Visual Studio Solution File, Format Version 11.00
# Visual Studio 2010
Project("{F184B08F-C81C-45F6-A57F-5ABD9991F28F}") = "VB", "VB.vbproj", "{A9290EAC-C4A9-4B47-BCF2-1E52146CA2BA}"
EndProject
Global
	GlobalSection(SolutionConfigurationPlatforms) = preSolution
		Debug|Any CPU = Debug|Any CPU
		Release|Any CPU = Release|Any CPU
	EndGlobalSection
	GlobalSection(ProjectConfigurationPlatforms) = postSolution
		{A9290EAC-C4A9-4B47-BCF2-1E52146CA2BA}.Debug|Any CPU.ActiveCfg = Debug|Any CPU
		{A9290EAC-C4A9-4B47-BCF2-1E52146CA2BA}.Debug|Any CPU.Build.0 = Debug|Any CPU
		{A9290EAC-C4A9-4B47-BCF2-1E52146CA2BA}.Release|Any CPU.ActiveCfg = Release|Any CPU
		{A9290EAC-C4A9-4B47-BCF2-1E52146CA2BA}.Release|Any CPU.Build.0 = Release|Any CPU
	EndGlobalSection
	GlobalSection(SolutionProperties) = preSolution
		HideSolutionNode = FALSE
	EndGlobalSection
EndGlobal
